
Microsoft Visual Studio Solution File, Format Version 12.00
# Visual Studio 14
VisualStudioVersion = 14.0.25123.0
MinimumVisualStudioVersion = 10.0.40219.1
Project("{8BC9CEB8-8B4A-11D0-8D11-00A0C91BC942}") = "ZJURollerBearingSurfaceDetection", "ZJURollerBearingSurfaceDetection\ZJURollerBearingSurfaceDetection.vcxproj", "{BFCEF909-9B69-450C-B961-D14D63FD97BA}"
	ProjectSection(ProjectDependencies) = postProject
		{FDA57B35-1A4E-46F9-85EA-DCD15C7D4011} = {FDA57B35-1A4E-46F9-85EA-DCD15C7D4011}
	EndProjectSection
EndProject
Project("{8BC9CEB8-8B4A-11D0-8D11-00A0C91BC942}") = "SapClassGui", "SapGUI\Gui\SapClassGui_2015.vcxproj", "{FDA57B35-1A4E-46F9-85EA-DCD15C7D4011}"
EndProject
Global
	GlobalSection(SolutionConfigurationPlatforms) = preSolution
		Debug|x64 = Debug|x64
		Debug|x86 = Debug|x86
		DebugUnicode|x64 = DebugUnicode|x64
		DebugUnicode|x86 = DebugUnicode|x86
		Release|x64 = Release|x64
		Release|x86 = Release|x86
		ReleaseUnicode|x64 = ReleaseUnicode|x64
		ReleaseUnicode|x86 = ReleaseUnicode|x86
	EndGlobalSection
	GlobalSection(ProjectConfigurationPlatforms) = postSolution
		{BFCEF909-9B69-450C-B961-D14D63FD97BA}.Debug|x64.ActiveCfg = Debug|x64
		{BFCEF909-9B69-450C-B961-D14D63FD97BA}.Debug|x64.Build.0 = Debug|x64
		{BFCEF909-9B69-450C-B961-D14D63FD97BA}.Debug|x86.ActiveCfg = Debug|Win32
		{BFCEF909-9B69-450C-B961-D14D63FD97BA}.Debug|x86.Build.0 = Debug|Win32
		{BFCEF909-9B69-450C-B961-D14D63FD97BA}.DebugUnicode|x64.ActiveCfg = Debug|x64
		{BFCEF909-9B69-450C-B961-D14D63FD97BA}.DebugUnicode|x64.Build.0 = Debug|x64
		{BFCEF909-9B69-450C-B961-D14D63FD97BA}.DebugUnicode|x86.ActiveCfg = Debug|Win32
		{BFCEF909-9B69-450C-B961-D14D63FD97BA}.DebugUnicode|x86.Build.0 = Debug|Win32
		{BFCEF909-9B69-450C-B961-D14D63FD97BA}.Release|x64.ActiveCfg = Release|x64
		{BFCEF909-9B69-450C-B961-D14D63FD97BA}.Release|x64.Build.0 = Release|x64
		{BFCEF909-9B69-450C-B961-D14D63FD97BA}.Release|x86.ActiveCfg = Release|Win32
		{BFCEF909-9B69-450C-B961-D14D63FD97BA}.Release|x86.Build.0 = Release|Win32
		{BFCEF909-9B69-450C-B961-D14D63FD97BA}.ReleaseUnicode|x64.ActiveCfg = Release|x64
		{BFCEF909-9B69-450C-B961-D14D63FD97BA}.ReleaseUnicode|x64.Build.0 = Release|x64
		{BFCEF909-9B69-450C-B961-D14D63FD97BA}.ReleaseUnicode|x86.ActiveCfg = Release|Win32
		{BFCEF909-9B69-450C-B961-D14D63FD97BA}.ReleaseUnicode|x86.Build.0 = Release|Win32
		{FDA57B35-1A4E-46F9-85EA-DCD15C7D4011}.Debug|x64.ActiveCfg = ReleaseUnicode|x64
		{FDA57B35-1A4E-46F9-85EA-DCD15C7D4011}.Debug|x64.Build.0 = ReleaseUnicode|x64
		{FDA57B35-1A4E-46F9-85EA-DCD15C7D4011}.Debug|x86.ActiveCfg = DebugUnicode|Win32
		{FDA57B35-1A4E-46F9-85EA-DCD15C7D4011}.Debug|x86.Build.0 = DebugUnicode|Win32
		{FDA57B35-1A4E-46F9-85EA-DCD15C7D4011}.DebugUnicode|x64.ActiveCfg = DebugUnicode|x64
		{FDA57B35-1A4E-46F9-85EA-DCD15C7D4011}.DebugUnicode|x64.Build.0 = DebugUnicode|x64
		{FDA57B35-1A4E-46F9-85EA-DCD15C7D4011}.DebugUnicode|x86.ActiveCfg = DebugUnicode|Win32
		{FDA57B35-1A4E-46F9-85EA-DCD15C7D4011}.DebugUnicode|x86.Build.0 = DebugUnicode|Win32
		{FDA57B35-1A4E-46F9-85EA-DCD15C7D4011}.Release|x64.ActiveCfg = ReleaseUnicode|x64
		{FDA57B35-1A4E-46F9-85EA-DCD15C7D4011}.Release|x64.Build.0 = ReleaseUnicode|x64
		{FDA57B35-1A4E-46F9-85EA-DCD15C7D4011}.Release|x86.ActiveCfg = ReleaseUnicode|Win32
		{FDA57B35-1A4E-46F9-85EA-DCD15C7D4011}.Release|x86.Build.0 = ReleaseUnicode|Win32
		{FDA57B35-1A4E-46F9-85EA-DCD15C7D4011}.ReleaseUnicode|x64.ActiveCfg = ReleaseUnicode|x64
		{FDA57B35-1A4E-46F9-85EA-DCD15C7D4011}.ReleaseUnicode|x64.Build.0 = ReleaseUnicode|x64
		{FDA57B35-1A4E-46F9-85EA-DCD15C7D4011}.ReleaseUnicode|x86.ActiveCfg = ReleaseUnicode|Win32
		{FDA57B35-1A4E-46F9-85EA-DCD15C7D4011}.ReleaseUnicode|x86.Build.0 = ReleaseUnicode|Win32
	EndGlobalSection
	GlobalSection(SolutionProperties) = preSolution
		HideSolutionNode = FALSE
	EndGlobalSection
EndGlobal
